
Microsoft Visual Studio Solution File, Format Version 12.00
# Visual Studio Version 17
VisualStudioVersion = 17.0.31903.59
MinimumVisualStudioVersion = 10.0.40219.1
Project("{FAE04EC0-301F-11D3-BF4B-00C04F79EFBC}") = "Bank.Api", "Bank.Api\Bank.Api.csproj", "{9E8DB925-1404-41DA-9B80-212DE3949970}"
EndProject
Project("{FAE04EC0-301F-11D3-BF4B-00C04F79EFBC}") = "Bank.Domain", "Bank.Domain\Bank.Domain.csproj", "{CFFD147A-C7B8-4B48-86F5-6A37D6C9D57B}"
EndProject
Project("{FAE04EC0-301F-11D3-BF4B-00C04F79EFBC}") = "Bank.Application", "Bank.Application\Bank.Application.csproj", "{0A44356E-B65E-4B47-B43D-DE8209EEEC8D}"
EndProject
Project("{FAE04EC0-301F-11D3-BF4B-00C04F79EFBC}") = "Bank.Infrastructure", "Bank.Infrastructure\Bank.Infrastructure.csproj", "{15338453-F090-417B-A48D-830010335D9A}"
EndProject
Project("{FAE04EC0-301F-11D3-BF4B-00C04F79EFBC}") = "Bank.Tests", "Bank.Tests\Bank.Tests.csproj", "{A370B196-2CB9-4F67-9F45-7780C3A6F57B}"
EndProject
Global
	GlobalSection(SolutionConfigurationPlatforms) = preSolution
		Debug|Any CPU = Debug|Any CPU
		Debug|x64 = Debug|x64
		Debug|x86 = Debug|x86
		Release|Any CPU = Release|Any CPU
		Release|x64 = Release|x64
		Release|x86 = Release|x86
	EndGlobalSection
	GlobalSection(ProjectConfigurationPlatforms) = postSolution
		{9E8DB925-1404-41DA-9B80-212DE3949970}.Debug|Any CPU.ActiveCfg = Debug|Any CPU
		{9E8DB925-1404-41DA-9B80-212DE3949970}.Debug|Any CPU.Build.0 = Debug|Any CPU
		{9E8DB925-1404-41DA-9B80-212DE3949970}.Debug|x64.ActiveCfg = Debug|Any CPU
		{9E8DB925-1404-41DA-9B80-212DE3949970}.Debug|x64.Build.0 = Debug|Any CPU
		{9E8DB925-1404-41DA-9B80-212DE3949970}.Debug|x86.ActiveCfg = Debug|Any CPU
		{9E8DB925-1404-41DA-9B80-212DE3949970}.Debug|x86.Build.0 = Debug|Any CPU
		{9E8DB925-1404-41DA-9B80-212DE3949970}.Release|Any CPU.ActiveCfg = Release|Any CPU
		{9E8DB925-1404-41DA-9B80-212DE3949970}.Release|Any CPU.Build.0 = Release|Any CPU
		{9E8DB925-1404-41DA-9B80-212DE3949970}.Release|x64.ActiveCfg = Release|Any CPU
		{9E8DB925-1404-41DA-9B80-212DE3949970}.Release|x64.Build.0 = Release|Any CPU
		{9E8DB925-1404-41DA-9B80-212DE3949970}.Release|x86.ActiveCfg = Release|Any CPU
		{9E8DB925-1404-41DA-9B80-212DE3949970}.Release|x86.Build.0 = Release|Any CPU
		{CFFD147A-C7B8-4B48-86F5-6A37D6C9D57B}.Debug|Any CPU.ActiveCfg = Debug|Any CPU
		{CFFD147A-C7B8-4B48-86F5-6A37D6C9D57B}.Debug|Any CPU.Build.0 = Debug|Any CPU
		{CFFD147A-C7B8-4B48-86F5-6A37D6C9D57B}.Debug|x64.ActiveCfg = Debug|Any CPU
		{CFFD147A-C7B8-4B48-86F5-6A37D6C9D57B}.Debug|x64.Build.0 = Debug|Any CPU
		{CFFD147A-C7B8-4B48-86F5-6A37D6C9D57B}.Debug|x86.ActiveCfg = Debug|Any CPU
		{CFFD147A-C7B8-4B48-86F5-6A37D6C9D57B}.Debug|x86.Build.0 = Debug|Any CPU
		{CFFD147A-C7B8-4B48-86F5-6A37D6C9D57B}.Release|Any CPU.ActiveCfg = Release|Any CPU
		{CFFD147A-C7B8-4B48-86F5-6A37D6C9D57B}.Release|Any CPU.Build.0 = Release|Any CPU
		{CFFD147A-C7B8-4B48-86F5-6A37D6C9D57B}.Release|x64.ActiveCfg = Release|Any CPU
		{CFFD147A-C7B8-4B48-86F5-6A37D6C9D57B}.Release|x64.Build.0 = Release|Any CPU
		{CFFD147A-C7B8-4B48-86F5-6A37D6C9D57B}.Release|x86.ActiveCfg = Release|Any CPU
		{CFFD147A-C7B8-4B48-86F5-6A37D6C9D57B}.Release|x86.Build.0 = Release|Any CPU
		{0A44356E-B65E-4B47-B43D-DE8209EEEC8D}.Debug|Any CPU.ActiveCfg = Debug|Any CPU
		{0A44356E-B65E-4B47-B43D-DE8209EEEC8D}.Debug|Any CPU.Build.0 = Debug|Any CPU
		{0A44356E-B65E-4B47-B43D-DE8209EEEC8D}.Debug|x64.ActiveCfg = Debug|Any CPU
		{0A44356E-B65E-4B47-B43D-DE8209EEEC8D}.Debug|x64.Build.0 = Debug|Any CPU
		{0A44356E-B65E-4B47-B43D-DE8209EEEC8D}.Debug|x86.ActiveCfg = Debug|Any CPU
		{0A44356E-B65E-4B47-B43D-DE8209EEEC8D}.Debug|x86.Build.0 = Debug|Any CPU
		{0A44356E-B65E-4B47-B43D-DE8209EEEC8D}.Release|Any CPU.ActiveCfg = Release|Any CPU
		{0A44356E-B65E-4B47-B43D-DE8209EEEC8D}.Release|Any CPU.Build.0 = Release|Any CPU
		{0A44356E-B65E-4B47-B43D-DE8209EEEC8D}.Release|x64.ActiveCfg = Release|Any CPU
		{0A44356E-B65E-4B47-B43D-DE8209EEEC8D}.Release|x64.Build.0 = Release|Any CPU
		{0A44356E-B65E-4B47-B43D-DE8209EEEC8D}.Release|x86.ActiveCfg = Release|Any CPU
		{0A44356E-B65E-4B47-B43D-DE8209EEEC8D}.Release|x86.Build.0 = Release|Any CPU
		{15338453-F090-417B-A48D-830010335D9A}.Debug|Any CPU.ActiveCfg = Debug|Any CPU
		{15338453-F090-417B-A48D-830010335D9A}.Debug|Any CPU.Build.0 = Debug|Any CPU
		{15338453-F090-417B-A48D-830010335D9A}.Debug|x64.ActiveCfg = Debug|Any CPU
		{15338453-F090-417B-A48D-830010335D9A}.Debug|x64.Build.0 = Debug|Any CPU
		{15338453-F090-417B-A48D-830010335D9A}.Debug|x86.ActiveCfg = Debug|Any CPU
		{15338453-F090-417B-A48D-830010335D9A}.Debug|x86.Build.0 = Debug|Any CPU
		{15338453-F090-417B-A48D-830010335D9A}.Release|Any CPU.ActiveCfg = Release|Any CPU
		{15338453-F090-417B-A48D-830010335D9A}.Release|Any CPU.Build.0 = Release|Any CPU
		{15338453-F090-417B-A48D-830010335D9A}.Release|x64.ActiveCfg = Release|Any CPU
		{15338453-F090-417B-A48D-830010335D9A}.Release|x64.Build.0 = Release|Any CPU
		{15338453-F090-417B-A48D-830010335D9A}.Release|x86.ActiveCfg = Release|Any CPU
		{15338453-F090-417B-A48D-830010335D9A}.Release|x86.Build.0 = Release|Any CPU
		{A370B196-2CB9-4F67-9F45-7780C3A6F57B}.Debug|Any CPU.ActiveCfg = Debug|Any CPU
		{A370B196-2CB9-4F67-9F45-7780C3A6F57B}.Debug|x64.ActiveCfg = Debug|Any CPU
		{A370B196-2CB9-4F67-9F45-7780C3A6F57B}.Debug|x86.ActiveCfg = Debug|Any CPU
		{A370B196-2CB9-4F67-9F45-7780C3A6F57B}.Release|Any CPU.ActiveCfg = Release|Any CPU
		{A370B196-2CB9-4F67-9F45-7780C3A6F57B}.Release|x64.ActiveCfg = Release|Any CPU
		{A370B196-2CB9-4F67-9F45-7780C3A6F57B}.Release|x86.ActiveCfg = Release|Any CPU
	EndGlobalSection
	GlobalSection(SolutionProperties) = preSolution
		HideSolutionNode = FALSE
	EndGlobalSection
EndGlobal
